
Microsoft Visual Studio Solution File, Format Version 12.00
# Visual Studio Version 16
VisualStudioVersion = 16.0.30114.105
MinimumVisualStudioVersion = 10.0.40219.1
Project("{FAE04EC0-301F-11D3-BF4B-00C04F79EFBC}") = "HelloWebApi", "HelloWebApi\HelloWebApi.csproj", "{38517C8D-F720-4702-ACE9-58F403AB869D}"
EndProject
Global
	GlobalSection(SolutionConfigurationPlatforms) = preSolution
		Debug|Any CPU = Debug|Any CPU
		Release|Any CPU = Release|Any CPU
	EndGlobalSection
	GlobalSection(SolutionProperties) = preSolution
		HideSolutionNode = FALSE
	EndGlobalSection
	GlobalSection(ProjectConfigurationPlatforms) = postSolution
		{38517C8D-F720-4702-ACE9-58F403AB869D}.Debug|Any CPU.ActiveCfg = Debug|Any CPU
		{38517C8D-F720-4702-ACE9-58F403AB869D}.Debug|Any CPU.Build.0 = Debug|Any CPU
		{38517C8D-F720-4702-ACE9-58F403AB869D}.Release|Any CPU.ActiveCfg = Release|Any CPU
		{38517C8D-F720-4702-ACE9-58F403AB869D}.Release|Any CPU.Build.0 = Release|Any CPU
	EndGlobalSection
EndGlobal
